
Microsoft Visual Studio Solution File, Format Version 12.00
# Visual Studio 15
VisualStudioVersion = 15.0.28307.572
MinimumVisualStudioVersion = 10.0.40219.1
Project("{FAE04EC0-301F-11D3-BF4B-00C04F79EFBC}") = "Albert DealPOS", "Albert DealPOS\Albert DealPOS.csproj", "{703899C1-4980-4EEF-B364-CCDF6A3D88BD}"
EndProject
Global
	GlobalSection(SolutionConfigurationPlatforms) = preSolution
		Debug|Any CPU = Debug|Any CPU
		Release|Any CPU = Release|Any CPU
	EndGlobalSection
	GlobalSection(ProjectConfigurationPlatforms) = postSolution
		{703899C1-4980-4EEF-B364-CCDF6A3D88BD}.Debug|Any CPU.ActiveCfg = Debug|Any CPU
		{703899C1-4980-4EEF-B364-CCDF6A3D88BD}.Debug|Any CPU.Build.0 = Debug|Any CPU
		{703899C1-4980-4EEF-B364-CCDF6A3D88BD}.Release|Any CPU.ActiveCfg = Release|Any CPU
		{703899C1-4980-4EEF-B364-CCDF6A3D88BD}.Release|Any CPU.Build.0 = Release|Any CPU
	EndGlobalSection
	GlobalSection(SolutionProperties) = preSolution
		HideSolutionNode = FALSE
	EndGlobalSection
	GlobalSection(ExtensibilityGlobals) = postSolution
		SolutionGuid = {CA98A938-8333-4B0C-B86E-083F2E181E1D}
	EndGlobalSection
EndGlobal
